
Microsoft Visual Studio Solution File, Format Version 12.00
# Visual Studio 15
Project("{FAE04EC0-301F-11D3-BF4B-00C04F79EFBC}") = "Assembly-CSharp", "Assembly-CSharp.csproj", "{EE62410A-2101-91AB-D0FD-4FB9D1C95F76}"
EndProject
Project("{FAE04EC0-301F-11D3-BF4B-00C04F79EFBC}") = "Assembly-CSharp-Editor", "Assembly-CSharp-Editor.csproj", "{612205BF-DCA2-C7CD-0B72-45403735A40D}"
EndProject
Global
	GlobalSection(SolutionConfigurationPlatforms) = preSolution
		Debug|Any CPU = Debug|Any CPU
		Release|Any CPU = Release|Any CPU
	EndGlobalSection
	GlobalSection(ProjectConfigurationPlatforms) = postSolution
		{EE62410A-2101-91AB-D0FD-4FB9D1C95F76}.Debug|Any CPU.ActiveCfg = Debug|Any CPU
		{EE62410A-2101-91AB-D0FD-4FB9D1C95F76}.Debug|Any CPU.Build.0 = Debug|Any CPU
		{EE62410A-2101-91AB-D0FD-4FB9D1C95F76}.Release|Any CPU.ActiveCfg = Release|Any CPU
		{EE62410A-2101-91AB-D0FD-4FB9D1C95F76}.Release|Any CPU.Build.0 = Release|Any CPU
		{612205BF-DCA2-C7CD-0B72-45403735A40D}.Debug|Any CPU.ActiveCfg = Debug|Any CPU
		{612205BF-DCA2-C7CD-0B72-45403735A40D}.Debug|Any CPU.Build.0 = Debug|Any CPU
		{612205BF-DCA2-C7CD-0B72-45403735A40D}.Release|Any CPU.ActiveCfg = Release|Any CPU
		{612205BF-DCA2-C7CD-0B72-45403735A40D}.Release|Any CPU.Build.0 = Release|Any CPU
	EndGlobalSection
	GlobalSection(SolutionProperties) = preSolution
		HideSolutionNode = FALSE
	EndGlobalSection
EndGlobal
